// !$*UTF8*$!
{
	archiveVersion = 1;
	classes = {
	};
	objectVersion = 56;
	objects = {

/* Begin PBXBuildFile section */
		55DC69E22C2123350021E322 /* CulinorApp.swift in Sources */ = {isa = PBXBuildFile; fileRef = 55DC69E12C2123350021E322 /* CulinorApp.swift */; };
		55DC69E42C2123350021E322 /* ContentView.swift in Sources */ = {isa = PBXBuildFile; fileRef = 55DC69E32C2123350021E322 /* ContentView.swift */; };
		55DC69E62C2123370021E322 /* Assets.xcassets in Resources */ = {isa = PBXBuildFile; fileRef = 55DC69E52C2123370021E322 /* Assets.xcassets */; };
		55DC69E92C2123370021E322 /* Preview Assets.xcassets in Resources */ = {isa = PBXBuildFile; fileRef = 55DC69E82C2123370021E322 /* Preview Assets.xcassets */; };
		55DC6A052C21238D0021E322 /* StorageModel.swift in Sources */ = {isa = PBXBuildFile; fileRef = 55DC69EF2C21238D0021E322 /* StorageModel.swift */; };
		55DC6A062C21238D0021E322 /* OrderView.swift in Sources */ = {isa = PBXBuildFile; fileRef = 55DC69F02C21238D0021E322 /* OrderView.swift */; };
		55DC6A072C21238D0021E322 /* Storage.json in Resources */ = {isa = PBXBuildFile; fileRef = 55DC69F12C21238D0021E322 /* Storage.json */; };
		55DC6A082C21238D0021E322 /* Launch Screen.storyboard in Resources */ = {isa = PBXBuildFile; fileRef = 55DC69F22C21238D0021E322 /* Launch Screen.storyboard */; };
		55DC6A092C21238D0021E322 /* SearchView.swift in Sources */ = {isa = PBXBuildFile; fileRef = 55DC69F32C21238D0021E322 /* SearchView.swift */; };
		55DC6A0A2C21238D0021E322 /* Extension.swift in Sources */ = {isa = PBXBuildFile; fileRef = 55DC69F42C21238D0021E322 /* Extension.swift */; };
		55DC6A0B2C21238D0021E322 /* Overview.swift in Sources */ = {isa = PBXBuildFile; fileRef = 55DC69F52C21238D0021E322 /* Overview.swift */; };
		55DC6A0C2C21238D0021E322 /* RecipeModel.swift in Sources */ = {isa = PBXBuildFile; fileRef = 55DC69F62C21238D0021E322 /* RecipeModel.swift */; };
		55DC6A0D2C21238D0021E322 /* RecentStorageList.swift in Sources */ = {isa = PBXBuildFile; fileRef = 55DC69F72C21238D0021E322 /* RecentStorageList.swift */; };
		55DC6A0E2C21238D0021E322 /* Assets.xcassets in Resources */ = {isa = PBXBuildFile; fileRef = 55DC69F82C21238D0021E322 /* Assets.xcassets */; };
		55DC6A0F2C21238D0021E322 /* AccountView.swift in Sources */ = {isa = PBXBuildFile; fileRef = 55DC69F92C21238D0021E322 /* AccountView.swift */; };
		55DC6A102C21238D0021E322 /* Recipe.json in Resources */ = {isa = PBXBuildFile; fileRef = 55DC69FA2C21238D0021E322 /* Recipe.json */; };
		55DC6A112C21238D0021E322 /* StorageList.swift in Sources */ = {isa = PBXBuildFile; fileRef = 55DC69FB2C21238D0021E322 /* StorageList.swift */; };
		55DC6A122C21238D0021E322 /* WelcomeView.swift in Sources */ = {isa = PBXBuildFile; fileRef = 55DC69FC2C21238D0021E322 /* WelcomeView.swift */; };
		55DC6A132C21238D0021E322 /* Preview Assets.xcassets in Resources */ = {isa = PBXBuildFile; fileRef = 55DC69FD2C21238D0021E322 /* Preview Assets.xcassets */; };
		55DC6A142C21238D0021E322 /* PreviewData.swift in Sources */ = {isa = PBXBuildFile; fileRef = 55DC69FE2C21238D0021E322 /* PreviewData.swift */; };
		55DC6A152C21238D0021E322 /* StorageRow.swift in Sources */ = {isa = PBXBuildFile; fileRef = 55DC6A002C21238D0021E322 /* StorageRow.swift */; };
		55DC6A162C21238D0021E322 /* ListView.swift in Sources */ = {isa = PBXBuildFile; fileRef = 55DC6A012C21238D0021E322 /* ListView.swift */; };
		55DC6A172C21238D0021E322 /* StorageListViewModel.swift in Sources */ = {isa = PBXBuildFile; fileRef = 55DC6A022C21238D0021E322 /* StorageListViewModel.swift */; };
		55DC6A182C21238D0021E322 /* GroceriesModel.swift in Sources */ = {isa = PBXBuildFile; fileRef = 55DC6A032C21238D0021E322 /* GroceriesModel.swift */; };
		55DC6A192C21238D0021E322 /* APPApp.swift in Sources */ = {isa = PBXBuildFile; fileRef = 55DC6A042C21238D0021E322 /* APPApp.swift */; };
/* End PBXBuildFile section */

/* Begin PBXFileReference section */
		55DC69DE2C2123350021E322 /* Culinor.app */ = {isa = PBXFileReference; explicitFileType = wrapper.application; includeInIndex = 0; path = Culinor.app; sourceTree = BUILT_PRODUCTS_DIR; };
		55DC69E12C2123350021E322 /* CulinorApp.swift */ = {isa = PBXFileReference; lastKnownFileType = sourcecode.swift; path = CulinorApp.swift; sourceTree = "<group>"; };
		55DC69E32C2123350021E322 /* ContentView.swift */ = {isa = PBXFileReference; lastKnownFileType = sourcecode.swift; path = ContentView.swift; sourceTree = "<group>"; };
		55DC69E52C2123370021E322 /* Assets.xcassets */ = {isa = PBXFileReference; lastKnownFileType = folder.assetcatalog; path = Assets.xcassets; sourceTree = "<group>"; };
		55DC69E82C2123370021E322 /* Preview Assets.xcassets */ = {isa = PBXFileReference; lastKnownFileType = folder.assetcatalog; path = "Preview Assets.xcassets"; sourceTree = "<group>"; };
		55DC69EF2C21238D0021E322 /* StorageModel.swift */ = {isa = PBXFileReference; fileEncoding = 4; lastKnownFileType = sourcecode.swift; path = StorageModel.swift; sourceTree = "<group>"; };
		55DC69F02C21238D0021E322 /* OrderView.swift */ = {isa = PBXFileReference; fileEncoding = 4; lastKnownFileType = sourcecode.swift; path = OrderView.swift; sourceTree = "<group>"; };
		55DC69F12C21238D0021E322 /* Storage.json */ = {isa = PBXFileReference; fileEncoding = 4; lastKnownFileType = text.json; path = Storage.json; sourceTree = "<group>"; };
		55DC69F22C21238D0021E322 /* Launch Screen.storyboard */ = {isa = PBXFileReference; fileEncoding = 4; lastKnownFileType = file.storyboard; path = "Launch Screen.storyboard"; sourceTree = "<group>"; };
		55DC69F32C21238D0021E322 /* SearchView.swift */ = {isa = PBXFileReference; fileEncoding = 4; lastKnownFileType = sourcecode.swift; path = SearchView.swift; sourceTree = "<group>"; };
		55DC69F42C21238D0021E322 /* Extension.swift */ = {isa = PBXFileReference; fileEncoding = 4; lastKnownFileType = sourcecode.swift; path = Extension.swift; sourceTree = "<group>"; };
		55DC69F52C21238D0021E322 /* Overview.swift */ = {isa = PBXFileReference; fileEncoding = 4; lastKnownFileType = sourcecode.swift; path = Overview.swift; sourceTree = "<group>"; };
		55DC69F62C21238D0021E322 /* RecipeModel.swift */ = {isa = PBXFileReference; fileEncoding = 4; lastKnownFileType = sourcecode.swift; path = RecipeModel.swift; sourceTree = "<group>"; };
		55DC69F72C21238D0021E322 /* RecentStorageList.swift */ = {isa = PBXFileReference; fileEncoding = 4; lastKnownFileType = sourcecode.swift; path = RecentStorageList.swift; sourceTree = "<group>"; };
		55DC69F82C21238D0021E322 /* Assets.xcassets */ = {isa = PBXFileReference; lastKnownFileType = folder.assetcatalog; path = Assets.xcassets; sourceTree = "<group>"; };
		55DC69F92C21238D0021E322 /* AccountView.swift */ = {isa = PBXFileReference; fileEncoding = 4; lastKnownFileType = sourcecode.swift; path = AccountView.swift; sourceTree = "<group>"; };
		55DC69FA2C21238D0021E322 /* Recipe.json */ = {isa = PBXFileReference; fileEncoding = 4; lastKnownFileType = text.json; path = Recipe.json; sourceTree = "<group>"; };
		55DC69FB2C21238D0021E322 /* StorageList.swift */ = {isa = PBXFileReference; fileEncoding = 4; lastKnownFileType = sourcecode.swift; path = StorageList.swift; sourceTree = "<group>"; };
		55DC69FC2C21238D0021E322 /* WelcomeView.swift */ = {isa = PBXFileReference; fileEncoding = 4; lastKnownFileType = sourcecode.swift; path = WelcomeView.swift; sourceTree = "<group>"; };
		55DC69FD2C21238D0021E322 /* Preview Assets.xcassets */ = {isa = PBXFileReference; lastKnownFileType = folder.assetcatalog; path = "Preview Assets.xcassets"; sourceTree = "<group>"; };
		55DC69FE2C21238D0021E322 /* PreviewData.swift */ = {isa = PBXFileReference; fileEncoding = 4; lastKnownFileType = sourcecode.swift; path = PreviewData.swift; sourceTree = "<group>"; };
		55DC6A002C21238D0021E322 /* StorageRow.swift */ = {isa = PBXFileReference; fileEncoding = 4; lastKnownFileType = sourcecode.swift; path = StorageRow.swift; sourceTree = "<group>"; };
		55DC6A012C21238D0021E322 /* ListView.swift */ = {isa = PBXFileReference; fileEncoding = 4; lastKnownFileType = sourcecode.swift; path = ListView.swift; sourceTree = "<group>"; };
		55DC6A022C21238D0021E322 /* StorageListViewModel.swift */ = {isa = PBXFileReference; fileEncoding = 4; lastKnownFileType = sourcecode.swift; path = StorageListViewModel.swift; sourceTree = "<group>"; };
		55DC6A032C21238D0021E322 /* GroceriesModel.swift */ = {isa = PBXFileReference; fileEncoding = 4; lastKnownFileType = sourcecode.swift; path = GroceriesModel.swift; sourceTree = "<group>"; };
		55DC6A042C21238D0021E322 /* APPApp.swift */ = {isa = PBXFileReference; fileEncoding = 4; lastKnownFileType = sourcecode.swift; path = APPApp.swift; sourceTree = "<group>"; };
/* End PBXFileReference section */

/* Begin PBXFrameworksBuildPhase section */
		55DC69DB2C2123350021E322 /* Frameworks */ = {
			isa = PBXFrameworksBuildPhase;
			buildActionMask = 2147483647;
			files = (
			);
			runOnlyForDeploymentPostprocessing = 0;
		};
/* End PBXFrameworksBuildPhase section */

/* Begin PBXGroup section */
		55DC69D52C2123350021E322 = {
			isa = PBXGroup;
			children = (
				55DC69E02C2123350021E322 /* Culinor */,
				55DC69DF2C2123350021E322 /* Products */,
			);
			sourceTree = "<group>";
		};
		55DC69DF2C2123350021E322 /* Products */ = {
			isa = PBXGroup;
			children = (
				55DC69DE2C2123350021E322 /* Culinor.app */,
			);
			name = Products;
			sourceTree = "<group>";
		};
		55DC69E02C2123350021E322 /* Culinor */ = {
			isa = PBXGroup;
			children = (
				55DC69F92C21238D0021E322 /* AccountView.swift */,
				55DC6A042C21238D0021E322 /* APPApp.swift */,
				55DC69F82C21238D0021E322 /* Assets.xcassets */,
				55DC69F42C21238D0021E322 /* Extension.swift */,
				55DC6A032C21238D0021E322 /* GroceriesModel.swift */,
				55DC69F22C21238D0021E322 /* Launch Screen.storyboard */,
				55DC6A012C21238D0021E322 /* ListView.swift */,
				55DC69F02C21238D0021E322 /* OrderView.swift */,
				55DC69F52C21238D0021E322 /* Overview.swift */,
				55DC69FF2C21238D0021E322 /* Preview Content */,
				55DC69F72C21238D0021E322 /* RecentStorageList.swift */,
				55DC69FA2C21238D0021E322 /* Recipe.json */,
				55DC69F62C21238D0021E322 /* RecipeModel.swift */,
				55DC69F32C21238D0021E322 /* SearchView.swift */,
				55DC69F12C21238D0021E322 /* Storage.json */,
				55DC69FB2C21238D0021E322 /* StorageList.swift */,
				55DC6A022C21238D0021E322 /* StorageListViewModel.swift */,
				55DC69EF2C21238D0021E322 /* StorageModel.swift */,
				55DC6A002C21238D0021E322 /* StorageRow.swift */,
				55DC69FC2C21238D0021E322 /* WelcomeView.swift */,
				55DC69E12C2123350021E322 /* CulinorApp.swift */,
				55DC69E32C2123350021E322 /* ContentView.swift */,
				55DC69E52C2123370021E322 /* Assets.xcassets */,
				55DC69E72C2123370021E322 /* Preview Content */,
			);
			path = Culinor;
			sourceTree = "<group>";
		};
		55DC69E72C2123370021E322 /* Preview Content */ = {
			isa = PBXGroup;
			children = (
				55DC69E82C2123370021E322 /* Preview Assets.xcassets */,
			);
			path = "Preview Content";
			sourceTree = "<group>";
		};
		55DC69FF2C21238D0021E322 /* Preview Content */ = {
			isa = PBXGroup;
			children = (
				55DC69FD2C21238D0021E322 /* Preview Assets.xcassets */,
				55DC69FE2C21238D0021E322 /* PreviewData.swift */,
			);
			path = "Preview Content";
			sourceTree = "<group>";
		};
/* End PBXGroup section */

/* Begin PBXNativeTarget section */
		55DC69DD2C2123350021E322 /* Culinor */ = {
			isa = PBXNativeTarget;
			buildConfigurationList = 55DC69EC2C2123370021E322 /* Build configuration list for PBXNativeTarget "Culinor" */;
			buildPhases = (
				55DC69DA2C2123350021E322 /* Sources */,
				55DC69DB2C2123350021E322 /* Frameworks */,
				55DC69DC2C2123350021E322 /* Resources */,
			);
			buildRules = (
			);
			dependencies = (
			);
			name = Culinor;
			productName = Culinor;
			productReference = 55DC69DE2C2123350021E322 /* Culinor.app */;
			productType = "com.apple.product-type.application";
		};
/* End PBXNativeTarget section */

/* Begin PBXProject section */
		55DC69D62C2123350021E322 /* Project object */ = {
			isa = PBXProject;
			attributes = {
				BuildIndependentTargetsInParallel = 1;
				LastSwiftUpdateCheck = 1540;
				LastUpgradeCheck = 1540;
				TargetAttributes = {
					55DC69DD2C2123350021E322 = {
						CreatedOnToolsVersion = 15.4;
					};
				};
			};
			buildConfigurationList = 55DC69D92C2123350021E322 /* Build configuration list for PBXProject "Culinor" */;
			compatibilityVersion = "Xcode 14.0";
			developmentRegion = en;
			hasScannedForEncodings = 0;
			knownRegions = (
				en,
				Base,
			);
			mainGroup = 55DC69D52C2123350021E322;
			packageReferences = (
				55DC6A1A2C21243C0021E322 /* XCRemoteSwiftPackageReference "ChartView" */,
			);
			productRefGroup = 55DC69DF2C2123350021E322 /* Products */;
			projectDirPath = "";
			projectRoot = "";
			targets = (
				55DC69DD2C2123350021E322 /* Culinor */,
			);
		};
/* End PBXProject section */

/* Begin PBXResourcesBuildPhase section */
		55DC69DC2C2123350021E322 /* Resources */ = {
			isa = PBXResourcesBuildPhase;
			buildActionMask = 2147483647;
			files = (
				55DC69E92C2123370021E322 /* Preview Assets.xcassets in Resources */,
				55DC6A072C21238D0021E322 /* Storage.json in Resources */,
				55DC6A082C21238D0021E322 /* Launch Screen.storyboard in Resources */,
				55DC6A132C21238D0021E322 /* Preview Assets.xcassets in Resources */,
				55DC6A102C21238D0021E322 /* Recipe.json in Resources */,
				55DC69E62C2123370021E322 /* Assets.xcassets in Resources */,
				55DC6A0E2C21238D0021E322 /* Assets.xcassets in Resources */,
			);
			runOnlyForDeploymentPostprocessing = 0;
		};
/* End PBXResourcesBuildPhase section */

/* Begin PBXSourcesBuildPhase section */
		55DC69DA2C2123350021E322 /* Sources */ = {
			isa = PBXSourcesBuildPhase;
			buildActionMask = 2147483647;
			files = (
				55DC6A092C21238D0021E322 /* SearchView.swift in Sources */,
				55DC6A0D2C21238D0021E322 /* RecentStorageList.swift in Sources */,
				55DC6A182C21238D0021E322 /* GroceriesModel.swift in Sources */,
				55DC6A172C21238D0021E322 /* StorageListViewModel.swift in Sources */,
				55DC6A162C21238D0021E322 /* ListView.swift in Sources */,
				55DC6A052C21238D0021E322 /* StorageModel.swift in Sources */,
				55DC6A062C21238D0021E322 /* OrderView.swift in Sources */,
				55DC6A142C21238D0021E322 /* PreviewData.swift in Sources */,
				55DC6A0F2C21238D0021E322 /* AccountView.swift in Sources */,
				55DC6A152C21238D0021E322 /* StorageRow.swift in Sources */,
				55DC6A112C21238D0021E322 /* StorageList.swift in Sources */,
				55DC6A0A2C21238D0021E322 /* Extension.swift in Sources */,
				55DC6A122C21238D0021E322 /* WelcomeView.swift in Sources */,
				55DC69E42C2123350021E322 /* ContentView.swift in Sources */,
				55DC6A0C2C21238D0021E322 /* RecipeModel.swift in Sources */,
				55DC69E22C2123350021E322 /* CulinorApp.swift in Sources */,
				55DC6A0B2C21238D0021E322 /* Overview.swift in Sources */,
				55DC6A192C21238D0021E322 /* APPApp.swift in Sources */,
			);
			runOnlyForDeploymentPostprocessing = 0;
		};
/* End PBXSourcesBuildPhase section */

/* Begin XCBuildConfiguration section */
		55DC69EA2C2123370021E322 /* Debug */ = {
			isa = XCBuildConfiguration;
			buildSettings = {
				ALWAYS_SEARCH_USER_PATHS = NO;
				ASSETCATALOG_COMPILER_GENERATE_SWIFT_ASSET_SYMBOL_EXTENSIONS = YES;
				CLANG_ANALYZER_NONNULL = YES;
				CLANG_ANALYZER_NUMBER_OBJECT_CONVERSION = YES_AGGRESSIVE;
				CLANG_CXX_LANGUAGE_STANDARD = "gnu++20";
				CLANG_ENABLE_MODULES = YES;
				CLANG_ENABLE_OBJC_ARC = YES;
				CLANG_ENABLE_OBJC_WEAK = YES;
				CLANG_WARN_BLOCK_CAPTURE_AUTORELEASING = YES;
				CLANG_WARN_BOOL_CONVERSION = YES;
				CLANG_WARN_COMMA = YES;
				CLANG_WARN_CONSTANT_CONVERSION = YES;
				CLANG_WARN_DEPRECATED_OBJC_IMPLEMENTATIONS = YES;
				CLANG_WARN_DIRECT_OBJC_ISA_USAGE = YES_ERROR;
				CLANG_WARN_DOCUMENTATION_COMMENTS = YES;
				CLANG_WARN_EMPTY_BODY = YES;
				CLANG_WARN_ENUM_CONVERSION = YES;
				CLANG_WARN_INFINITE_RECURSION = YES;
				CLANG_WARN_INT_CONVERSION = YES;
				CLANG_WARN_NON_LITERAL_NULL_CONVERSION = YES;
				CLANG_WARN_OBJC_IMPLICIT_RETAIN_SELF = YES;
				CLANG_WARN_OBJC_LITERAL_CONVERSION = YES;
				CLANG_WARN_OBJC_ROOT_CLASS = YES_ERROR;
				CLANG_WARN_QUOTED_INCLUDE_IN_FRAMEWORK_HEADER = YES;
				CLANG_WARN_RANGE_LOOP_ANALYSIS = YES;
				CLANG_WARN_STRICT_PROTOTYPES = YES;
				CLANG_WARN_SUSPICIOUS_MOVE = YES;
				CLANG_WARN_UNGUARDED_AVAILABILITY = YES_AGGRESSIVE;
				CLANG_WARN_UNREACHABLE_CODE = YES;
				CLANG_WARN__DUPLICATE_METHOD_MATCH = YES;
				COPY_PHASE_STRIP = NO;
				DEBUG_INFORMATION_FORMAT = dwarf;
				ENABLE_STRICT_OBJC_MSGSEND = YES;
				ENABLE_TESTABILITY = YES;
				ENABLE_USER_SCRIPT_SANDBOXING = YES;
				GCC_C_LANGUAGE_STANDARD = gnu17;
				GCC_DYNAMIC_NO_PIC = NO;
				GCC_NO_COMMON_BLOCKS = YES;
				GCC_OPTIMIZATION_LEVEL = 0;
				GCC_PREPROCESSOR_DEFINITIONS = (
					"DEBUG=1",
					"$(inherited)",
				);
				GCC_WARN_64_TO_32_BIT_CONVERSION = YES;
				GCC_WARN_ABOUT_RETURN_TYPE = YES_ERROR;
				GCC_WARN_UNDECLARED_SELECTOR = YES;
				GCC_WARN_UNINITIALIZED_AUTOS = YES_AGGRESSIVE;
				GCC_WARN_UNUSED_FUNCTION = YES;
				GCC_WARN_UNUSED_VARIABLE = YES;
				IPHONEOS_DEPLOYMENT_TARGET = 17.5;
				LOCALIZATION_PREFERS_STRING_CATALOGS = YES;
				MTL_ENABLE_DEBUG_INFO = INCLUDE_SOURCE;
				MTL_FAST_MATH = YES;
				ONLY_ACTIVE_ARCH = YES;
				SDKROOT = iphoneos;
				SWIFT_ACTIVE_COMPILATION_CONDITIONS = "DEBUG $(inherited)";
				SWIFT_OPTIMIZATION_LEVEL = "-Onone";
			};
			name = Debug;
		};
		55DC69EB2C2123370021E322 /* Release */ = {
			isa = XCBuildConfiguration;
			buildSettings = {
				ALWAYS_SEARCH_USER_PATHS = NO;
				ASSETCATALOG_COMPILER_GENERATE_SWIFT_ASSET_SYMBOL_EXTENSIONS = YES;
				CLANG_ANALYZER_NONNULL = YES;
				CLANG_ANALYZER_NUMBER_OBJECT_CONVERSION = YES_AGGRESSIVE;
				CLANG_CXX_LANGUAGE_STANDARD = "gnu++20";
				CLANG_ENABLE_MODULES = YES;
				CLANG_ENABLE_OBJC_ARC = YES;
				CLANG_ENABLE_OBJC_WEAK = YES;
				CLANG_WARN_BLOCK_CAPTURE_AUTORELEASING = YES;
				CLANG_WARN_BOOL_CONVERSION = YES;
				CLANG_WARN_COMMA = YES;
				CLANG_WARN_CONSTANT_CONVERSION = YES;
				CLANG_WARN_DEPRECATED_OBJC_IMPLEMENTATIONS = YES;
				CLANG_WARN_DIRECT_OBJC_ISA_USAGE = YES_ERROR;
				CLANG_WARN_DOCUMENTATION_COMMENTS = YES;
				CLANG_WARN_EMPTY_BODY = YES;
				CLANG_WARN_ENUM_CONVERSION = YES;
				CLANG_WARN_INFINITE_RECURSION = YES;
				CLANG_WARN_INT_CONVERSION = YES;
				CLANG_WARN_NON_LITERAL_NULL_CONVERSION = YES;
				CLANG_WARN_OBJC_IMPLICIT_RETAIN_SELF = YES;
				CLANG_WARN_OBJC_LITERAL_CONVERSION = YES;
				CLANG_WARN_OBJC_ROOT_CLASS = YES_ERROR;
				CLANG_WARN_QUOTED_INCLUDE_IN_FRAMEWORK_HEADER = YES;
				CLANG_WARN_RANGE_LOOP_ANALYSIS = YES;
				CLANG_WARN_STRICT_PROTOTYPES = YES;
				CLANG_WARN_SUSPICIOUS_MOVE = YES;
				CLANG_WARN_UNGUARDED_AVAILABILITY = YES_AGGRESSIVE;
				CLANG_WARN_UNREACHABLE_CODE = YES;
				CLANG_WARN__DUPLICATE_METHOD_MATCH = YES;
				COPY_PHASE_STRIP = NO;
				DEBUG_INFORMATION_FORMAT = "dwarf-with-dsym";
				ENABLE_NS_ASSERTIONS = NO;
				ENABLE_STRICT_OBJC_MSGSEND = YES;
				ENABLE_USER_SCRIPT_SANDBOXING = YES;
				GCC_C_LANGUAGE_STANDARD = gnu17;
				GCC_NO_COMMON_BLOCKS = YES;
				GCC_WARN_64_TO_32_BIT_CONVERSION = YES;
				GCC_WARN_ABOUT_RETURN_TYPE = YES_ERROR;
				GCC_WARN_UNDECLARED_SELECTOR = YES;
				GCC_WARN_UNINITIALIZED_AUTOS = YES_AGGRESSIVE;
				GCC_WARN_UNUSED_FUNCTION = YES;
				GCC_WARN_UNUSED_VARIABLE = YES;
				IPHONEOS_DEPLOYMENT_TARGET = 17.5;
				LOCALIZATION_PREFERS_STRING_CATALOGS = YES;
				MTL_ENABLE_DEBUG_INFO = NO;
				MTL_FAST_MATH = YES;
				SDKROOT = iphoneos;
				SWIFT_COMPILATION_MODE = wholemodule;
				VALIDATE_PRODUCT = YES;
			};
			name = Release;
		};
		55DC69ED2C2123370021E322 /* Debug */ = {
			isa = XCBuildConfiguration;
			buildSettings = {
				ASSETCATALOG_COMPILER_APPICON_NAME = AppIcon;
				ASSETCATALOG_COMPILER_GLOBAL_ACCENT_COLOR_NAME = AccentColor;
				CODE_SIGN_STYLE = Automatic;
				CURRENT_PROJECT_VERSION = 1;
				DEVELOPMENT_ASSET_PATHS = "\"Culinor/Preview Content\"";
				ENABLE_PREVIEWS = YES;
				GENERATE_INFOPLIST_FILE = YES;
				INFOPLIST_KEY_UIApplicationSceneManifest_Generation = YES;
				INFOPLIST_KEY_UIApplicationSupportsIndirectInputEvents = YES;
				INFOPLIST_KEY_UILaunchScreen_Generation = YES;
				INFOPLIST_KEY_UISupportedInterfaceOrientations_iPad = "UIInterfaceOrientationPortrait UIInterfaceOrientationPortraitUpsideDown UIInterfaceOrientationLandscapeLeft UIInterfaceOrientationLandscapeRight";
				INFOPLIST_KEY_UISupportedInterfaceOrientations_iPhone = "UIInterfaceOrientationPortrait UIInterfaceOrientationLandscapeLeft UIInterfaceOrientationLandscapeRight";
				LD_RUNPATH_SEARCH_PATHS = (
					"$(inherited)",
					"@executable_path/Frameworks",
				);
				MARKETING_VERSION = 1.0;
				PRODUCT_BUNDLE_IDENTIFIER = Mason.Culinor;
				PRODUCT_NAME = "$(TARGET_NAME)";
				SWIFT_EMIT_LOC_STRINGS = YES;
				SWIFT_VERSION = 5.0;
				TARGETED_DEVICE_FAMILY = "1,2";
			};
			name = Debug;
		};
		55DC69EE2C2123370021E322 /* Release */ = {
			isa = XCBuildConfiguration;
			buildSettings = {
				ASSETCATALOG_COMPILER_APPICON_NAME = AppIcon;
				ASSETCATALOG_COMPILER_GLOBAL_ACCENT_COLOR_NAME = AccentColor;
				CODE_SIGN_STYLE = Automatic;
				CURRENT_PROJECT_VERSION = 1;
				DEVELOPMENT_ASSET_PATHS = "\"Culinor/Preview Content\"";
				ENABLE_PREVIEWS = YES;
				GENERATE_INFOPLIST_FILE = YES;
				INFOPLIST_KEY_UIApplicationSceneManifest_Generation = YES;
				INFOPLIST_KEY_UIApplicationSupportsIndirectInputEvents = YES;
				INFOPLIST_KEY_UILaunchScreen_Generation = YES;
				INFOPLIST_KEY_UISupportedInterfaceOrientations_iPad = "UIInterfaceOrientationPortrait UIInterfaceOrientationPortraitUpsideDown UIInterfaceOrientationLandscapeLeft UIInterfaceOrientationLandscapeRight";
				INFOPLIST_KEY_UISupportedInterfaceOrientations_iPhone = "UIInterfaceOrientationPortrait UIInterfaceOrientationLandscapeLeft UIInterfaceOrientationLandscapeRight";
				LD_RUNPATH_SEARCH_PATHS = (
					"$(inherited)",
					"@executable_path/Frameworks",
				);
				MARKETING_VERSION = 1.0;
				PRODUCT_BUNDLE_IDENTIFIER = Mason.Culinor;
				PRODUCT_NAME = "$(TARGET_NAME)";
				SWIFT_EMIT_LOC_STRINGS = YES;
				SWIFT_VERSION = 5.0;
				TARGETED_DEVICE_FAMILY = "1,2";
			};
			name = Release;
		};
/* End XCBuildConfiguration section */

/* Begin XCConfigurationList section */
		55DC69D92C2123350021E322 /* Build configuration list for PBXProject "Culinor" */ = {
			isa = XCConfigurationList;
			buildConfigurations = (
				55DC69EA2C2123370021E322 /* Debug */,
				55DC69EB2C2123370021E322 /* Release */,
			);
			defaultConfigurationIsVisible = 0;
			defaultConfigurationName = Release;
		};
		55DC69EC2C2123370021E322 /* Build configuration list for PBXNativeTarget "Culinor" */ = {
			isa = XCConfigurationList;
			buildConfigurations = (
				55DC69ED2C2123370021E322 /* Debug */,
				55DC69EE2C2123370021E322 /* Release */,
			);
			defaultConfigurationIsVisible = 0;
			defaultConfigurationName = Release;
		};
/* End XCConfigurationList section */

/* Begin XCRemoteSwiftPackageReference section */
		55DC6A1A2C21243C0021E322 /* XCRemoteSwiftPackageReference "ChartView" */ = {
			isa = XCRemoteSwiftPackageReference;
			repositoryURL = "https://github.com/AppPear/ChartView";
			requirement = {
				kind = exactVersion;
				version = 2.0.0;
			};
		};
/* End XCRemoteSwiftPackageReference section */
	};
	rootObject = 55DC69D62C2123350021E322 /* Project object */;
}
